// !$*UTF8*$!
{
	archiveVersion = 1;
	classes = {
	};
	objectVersion = 46;
	objects = {

/* Begin PBXBuildFile section */
		95F96DFA1E027FC500E10F54 /* main.m in Sources */ = {isa = PBXBuildFile; fileRef = 95F96DF91E027FC500E10F54 /* main.m */; };
		95F96DFD1E027FC500E10F54 /* AppDelegate.m in Sources */ = {isa = PBXBuildFile; fileRef = 95F96DFC1E027FC500E10F54 /* AppDelegate.m */; };
		95F96E001E027FC500E10F54 /* ViewController.m in Sources */ = {isa = PBXBuildFile; fileRef = 95F96DFF1E027FC500E10F54 /* ViewController.m */; };
		95F96E031E027FC500E10F54 /* Main.storyboard in Resources */ = {isa = PBXBuildFile; fileRef = 95F96E011E027FC500E10F54 /* Main.storyboard */; };
		95F96E051E027FC500E10F54 /* Assets.xcassets in Resources */ = {isa = PBXBuildFile; fileRef = 95F96E041E027FC500E10F54 /* Assets.xcassets */; };
		95F96E081E027FC500E10F54 /* LaunchScreen.storyboard in Resources */ = {isa = PBXBuildFile; fileRef = 95F96E061E027FC500E10F54 /* LaunchScreen.storyboard */; };
		95F96E111E02848400E10F54 /* FFRing.png in Resources */ = {isa = PBXBuildFile; fileRef = 95F96E0F1E02848400E10F54 /* FFRing.png */; };
		95F96E121E02848400E10F54 /* FFTspark.png in Resources */ = {isa = PBXBuildFile; fileRef = 95F96E101E02848400E10F54 /* FFTspark.png */; };
/* End PBXBuildFile section */

/* Begin PBXFileReference section */
		95F96DF51E027FC500E10F54 /* FireworksDemo.app */ = {isa = PBXFileReference; explicitFileType = wrapper.application; includeInIndex = 0; path = FireworksDemo.app; sourceTree = BUILT_PRODUCTS_DIR; };
		95F96DF91E027FC500E10F54 /* main.m */ = {isa = PBXFileReference; lastKnownFileType = sourcecode.c.objc; path = main.m; sourceTree = "<group>"; };
		95F96DFB1E027FC500E10F54 /* AppDelegate.h */ = {isa = PBXFileReference; lastKnownFileType = sourcecode.c.h; path = AppDelegate.h; sourceTree = "<group>"; };
		95F96DFC1E027FC500E10F54 /* AppDelegate.m */ = {isa = PBXFileReference; lastKnownFileType = sourcecode.c.objc; path = AppDelegate.m; sourceTree = "<group>"; };
		95F96DFE1E027FC500E10F54 /* ViewController.h */ = {isa = PBXFileReference; lastKnownFileType = sourcecode.c.h; path = ViewController.h; sourceTree = "<group>"; };
		95F96DFF1E027FC500E10F54 /* ViewController.m */ = {isa = PBXFileReference; lastKnownFileType = sourcecode.c.objc; path = ViewController.m; sourceTree = "<group>"; };
		95F96E021E027FC500E10F54 /* Base */ = {isa = PBXFileReference; lastKnownFileType = file.storyboard; name = Base; path = Base.lproj/Main.storyboard; sourceTree = "<group>"; };
		95F96E041E027FC500E10F54 /* Assets.xcassets */ = {isa = PBXFileReference; lastKnownFileType = folder.assetcatalog; path = Assets.xcassets; sourceTree = "<group>"; };
		95F96E071E027FC500E10F54 /* Base */ = {isa = PBXFileReference; lastKnownFileType = file.storyboard; name = Base; path = Base.lproj/LaunchScreen.storyboard; sourceTree = "<group>"; };
		95F96E091E027FC500E10F54 /* Info.plist */ = {isa = PBXFileReference; lastKnownFileType = text.plist.xml; path = Info.plist; sourceTree = "<group>"; };
		95F96E0F1E02848400E10F54 /* FFRing.png */ = {isa = PBXFileReference; lastKnownFileType = image.png; path = FFRing.png; sourceTree = "<group>"; };
		95F96E101E02848400E10F54 /* FFTspark.png */ = {isa = PBXFileReference; lastKnownFileType = image.png; path = FFTspark.png; sourceTree = "<group>"; };
/* End PBXFileReference section */

/* Begin PBXFrameworksBuildPhase section */
		95F96DF21E027FC500E10F54 /* Frameworks */ = {
			isa = PBXFrameworksBuildPhase;
			buildActionMask = 2147483647;
			files = (
			);
			runOnlyForDeploymentPostprocessing = 0;
		};
/* End PBXFrameworksBuildPhase section */

/* Begin PBXGroup section */
		95F96DEC1E027FC500E10F54 = {
			isa = PBXGroup;
			children = (
				95F96DF71E027FC500E10F54 /* FireworksDemo */,
				95F96DF61E027FC500E10F54 /* Products */,
			);
			sourceTree = "<group>";
		};
		95F96DF61E027FC500E10F54 /* Products */ = {
			isa = PBXGroup;
			children = (
				95F96DF51E027FC500E10F54 /* FireworksDemo.app */,
			);
			name = Products;
			sourceTree = "<group>";
		};
		95F96DF71E027FC500E10F54 /* FireworksDemo */ = {
			isa = PBXGroup;
			children = (
				95F96DFB1E027FC500E10F54 /* AppDelegate.h */,
				95F96DFC1E027FC500E10F54 /* AppDelegate.m */,
				95F96DFE1E027FC500E10F54 /* ViewController.h */,
				95F96DFF1E027FC500E10F54 /* ViewController.m */,
				95F96E011E027FC500E10F54 /* Main.storyboard */,
				95F96E0F1E02848400E10F54 /* FFRing.png */,
				95F96E101E02848400E10F54 /* FFTspark.png */,
				95F96E041E027FC500E10F54 /* Assets.xcassets */,
				95F96E061E027FC500E10F54 /* LaunchScreen.storyboard */,
				95F96E091E027FC500E10F54 /* Info.plist */,
				95F96DF81E027FC500E10F54 /* Supporting Files */,
			);
			path = FireworksDemo;
			sourceTree = "<group>";
		};
		95F96DF81E027FC500E10F54 /* Supporting Files */ = {
			isa = PBXGroup;
			children = (
				95F96DF91E027FC500E10F54 /* main.m */,
			);
			name = "Supporting Files";
			sourceTree = "<group>";
		};
/* End PBXGroup section */

/* Begin PBXNativeTarget section */
		95F96DF41E027FC500E10F54 /* FireworksDemo */ = {
			isa = PBXNativeTarget;
			buildConfigurationList = 95F96E0C1E027FC500E10F54 /* Build configuration list for PBXNativeTarget "FireworksDemo" */;
			buildPhases = (
				95F96DF11E027FC500E10F54 /* Sources */,
				95F96DF21E027FC500E10F54 /* Frameworks */,
				95F96DF31E027FC500E10F54 /* Resources */,
			);
			buildRules = (
			);
			dependencies = (
			);
			name = FireworksDemo;
			productName = FireworksDemo;
			productReference = 95F96DF51E027FC500E10F54 /* FireworksDemo.app */;
			productType = "com.apple.product-type.application";
		};
/* End PBXNativeTarget section */

/* Begin PBXProject section */
		95F96DED1E027FC500E10F54 /* Project object */ = {
			isa = PBXProject;
			attributes = {
				LastUpgradeCheck = 0810;
				ORGANIZATIONNAME = "薛尧";
				TargetAttributes = {
					95F96DF41E027FC500E10F54 = {
						CreatedOnToolsVersion = 8.1;
						ProvisioningStyle = Automatic;
					};
				};
			};
			buildConfigurationList = 95F96DF01E027FC500E10F54 /* Build configuration list for PBXProject "FireworksDemo" */;
			compatibilityVersion = "Xcode 3.2";
			developmentRegion = English;
			hasScannedForEncodings = 0;
			knownRegions = (
				en,
				Base,
			);
			mainGroup = 95F96DEC1E027FC500E10F54;
			productRefGroup = 95F96DF61E027FC500E10F54 /* Products */;
			projectDirPath = "";
			projectRoot = "";
			targets = (
				95F96DF41E027FC500E10F54 /* FireworksDemo */,
			);
		};
/* End PBXProject section */

/* Begin PBXResourcesBuildPhase section */
		95F96DF31E027FC500E10F54 /* Resources */ = {
			isa = PBXResourcesBuildPhase;
			buildActionMask = 2147483647;
			files = (
				95F96E081E027FC500E10F54 /* LaunchScreen.storyboard in Resources */,
				95F96E111E02848400E10F54 /* FFRing.png in Resources */,
				95F96E051E027FC500E10F54 /* Assets.xcassets in Resources */,
				95F96E121E02848400E10F54 /* FFTspark.png in Resources */,
				95F96E031E027FC500E10F54 /* Main.storyboard in Resources */,
			);
			runOnlyForDeploymentPostprocessing = 0;
		};
/* End PBXResourcesBuildPhase section */

/* Begin PBXSourcesBuildPhase section */
		95F96DF11E027FC500E10F54 /* Sources */ = {
			isa = PBXSourcesBuildPhase;
			buildActionMask = 2147483647;
			files = (
				95F96E001E027FC500E10F54 /* ViewController.m in Sources */,
				95F96DFD1E027FC500E10F54 /* AppDelegate.m in Sources */,
				95F96DFA1E027FC500E10F54 /* main.m in Sources */,
			);
			runOnlyForDeploymentPostprocessing = 0;
		};
/* End PBXSourcesBuildPhase section */

/* Begin PBXVariantGroup section */
		95F96E011E027FC500E10F54 /* Main.storyboard */ = {
			isa = PBXVariantGroup;
			children = (
				95F96E021E027FC500E10F54 /* Base */,
			);
			name = Main.storyboard;
			sourceTree = "<group>";
		};
		95F96E061E027FC500E10F54 /* LaunchScreen.storyboard */ = {
			isa = PBXVariantGroup;
			children = (
				95F96E071E027FC500E10F54 /* Base */,
			);
			name = LaunchScreen.storyboard;
			sourceTree = "<group>";
		};
/* End PBXVariantGroup section */

/* Begin XCBuildConfiguration section */
		95F96E0A1E027FC500E10F54 /* Debug */ = {
			isa = XCBuildConfiguration;
			buildSettings = {
				ALWAYS_SEARCH_USER_PATHS = NO;
				CLANG_ANALYZER_NONNULL = YES;
				CLANG_CXX_LANGUAGE_STANDARD = "gnu++0x";
				CLANG_CXX_LIBRARY = "libc++";
				CLANG_ENABLE_MODULES = YES;
				CLANG_ENABLE_OBJC_ARC = YES;
				CLANG_WARN_BOOL_CONVERSION = YES;
				CLANG_WARN_CONSTANT_CONVERSION = YES;
				CLANG_WARN_DIRECT_OBJC_ISA_USAGE = YES_ERROR;
				CLANG_WARN_DOCUMENTATION_COMMENTS = YES;
				CLANG_WARN_EMPTY_BODY = YES;
				CLANG_WARN_ENUM_CONVERSION = YES;
				CLANG_WARN_INFINITE_RECURSION = YES;
				CLANG_WARN_INT_CONVERSION = YES;
				CLANG_WARN_OBJC_ROOT_CLASS = YES_ERROR;
				CLANG_WARN_SUSPICIOUS_MOVES = YES;
				CLANG_WARN_UNREACHABLE_CODE = YES;
				CLANG_WARN__DUPLICATE_METHOD_MATCH = YES;
				"CODE_SIGN_IDENTITY[sdk=iphoneos*]" = "iPhone Developer";
				COPY_PHASE_STRIP = NO;
				DEBUG_INFORMATION_FORMAT = dwarf;
				ENABLE_STRICT_OBJC_MSGSEND = YES;
				ENABLE_TESTABILITY = YES;
				GCC_C_LANGUAGE_STANDARD = gnu99;
				GCC_DYNAMIC_NO_PIC = NO;
				GCC_NO_COMMON_BLOCKS = YES;
				GCC_OPTIMIZATION_LEVEL = 0;
				GCC_PREPROCESSOR_DEFINITIONS = (
					"DEBUG=1",
					"$(inherited)",
				);
				GCC_WARN_64_TO_32_BIT_CONVERSION = YES;
				GCC_WARN_ABOUT_RETURN_TYPE = YES_ERROR;
				GCC_WARN_UNDECLARED_SELECTOR = YES;
				GCC_WARN_UNINITIALIZED_AUTOS = YES_AGGRESSIVE;
				GCC_WARN_UNUSED_FUNCTION = YES;
				GCC_WARN_UNUSED_VARIABLE = YES;
				IPHONEOS_DEPLOYMENT_TARGET = 10.1;
				MTL_ENABLE_DEBUG_INFO = YES;
				ONLY_ACTIVE_ARCH = YES;
				SDKROOT = iphoneos;
				TARGETED_DEVICE_FAMILY = "1,2";
			};
			name = Debug;
		};
		95F96E0B1E027FC500E10F54 /* Release */ = {
			isa = XCBuildConfiguration;
			buildSettings = {
				ALWAYS_SEARCH_USER_PATHS = NO;
				CLANG_ANALYZER_NONNULL = YES;
				CLANG_CXX_LANGUAGE_STANDARD = "gnu++0x";
				CLANG_CXX_LIBRARY = "libc++";
				CLANG_ENABLE_MODULES = YES;
				CLANG_ENABLE_OBJC_ARC = YES;
				CLANG_WARN_BOOL_CONVERSION = YES;
				CLANG_WARN_CONSTANT_CONVERSION = YES;
				CLANG_WARN_DIRECT_OBJC_ISA_USAGE = YES_ERROR;
				CLANG_WARN_DOCUMENTATION_COMMENTS = YES;
				CLANG_WARN_EMPTY_BODY = YES;
				CLANG_WARN_ENUM_CONVERSION = YES;
				CLANG_WARN_INFINITE_RECURSION = YES;
				CLANG_WARN_INT_CONVERSION = YES;
				CLANG_WARN_OBJC_ROOT_CLASS = YES_ERROR;
				CLANG_WARN_SUSPICIOUS_MOVES = YES;
				CLANG_WARN_UNREACHABLE_CODE = YES;
				CLANG_WARN__DUPLICATE_METHOD_MATCH = YES;
				"CODE_SIGN_IDENTITY[sdk=iphoneos*]" = "iPhone Developer";
				COPY_PHASE_STRIP = NO;
				DEBUG_INFORMATION_FORMAT = "dwarf-with-dsym";
				ENABLE_NS_ASSERTIONS = NO;
				ENABLE_STRICT_OBJC_MSGSEND = YES;
				GCC_C_LANGUAGE_STANDARD = gnu99;
				GCC_NO_COMMON_BLOCKS = YES;
				GCC_WARN_64_TO_32_BIT_CONVERSION = YES;
				GCC_WARN_ABOUT_RETURN_TYPE = YES_ERROR;
				GCC_WARN_UNDECLARED_SELECTOR = YES;
				GCC_WARN_UNINITIALIZED_AUTOS = YES_AGGRESSIVE;
				GCC_WARN_UNUSED_FUNCTION = YES;
				GCC_WARN_UNUSED_VARIABLE = YES;
				IPHONEOS_DEPLOYMENT_TARGET = 10.1;
				MTL_ENABLE_DEBUG_INFO = NO;
				SDKROOT = iphoneos;
				TARGETED_DEVICE_FAMILY = "1,2";
				VALIDATE_PRODUCT = YES;
			};
			name = Release;
		};
		95F96E0D1E027FC500E10F54 /* Debug */ = {
			isa = XCBuildConfiguration;
			buildSettings = {
				ASSETCATALOG_COMPILER_APPICON_NAME = AppIcon;
				INFOPLIST_FILE = FireworksDemo/Info.plist;
				LD_RUNPATH_SEARCH_PATHS = "$(inherited) @executable_path/Frameworks";
				PRODUCT_BUNDLE_IDENTIFIER = com.dom.FireworksDemo;
				PRODUCT_NAME = "$(TARGET_NAME)";
			};
			name = Debug;
		};
		95F96E0E1E027FC500E10F54 /* Release */ = {
			isa = XCBuildConfiguration;
			buildSettings = {
				ASSETCATALOG_COMPILER_APPICON_NAME = AppIcon;
				INFOPLIST_FILE = FireworksDemo/Info.plist;
				LD_RUNPATH_SEARCH_PATHS = "$(inherited) @executable_path/Frameworks";
				PRODUCT_BUNDLE_IDENTIFIER = com.dom.FireworksDemo;
				PRODUCT_NAME = "$(TARGET_NAME)";
			};
			name = Release;
		};
/* End XCBuildConfiguration section */

/* Begin XCConfigurationList section */
		95F96DF01E027FC500E10F54 /* Build configuration list for PBXProject "FireworksDemo" */ = {
			isa = XCConfigurationList;
			buildConfigurations = (
				95F96E0A1E027FC500E10F54 /* Debug */,
				95F96E0B1E027FC500E10F54 /* Release */,
			);
			defaultConfigurationIsVisible = 0;
			defaultConfigurationName = Release;
		};
		95F96E0C1E027FC500E10F54 /* Build configuration list for PBXNativeTarget "FireworksDemo" */ = {
			isa = XCConfigurationList;
			buildConfigurations = (
				95F96E0D1E027FC500E10F54 /* Debug */,
				95F96E0E1E027FC500E10F54 /* Release */,
			);
			defaultConfigurationIsVisible = 0;
			defaultConfigurationName = Release;
		};
/* End XCConfigurationList section */
	};
	rootObject = 95F96DED1E027FC500E10F54 /* Project object */;
}
